
Microsoft Visual Studio Solution File, Format Version 12.00
# Visual Studio 15
VisualStudioVersion = 15.0.26730.16
MinimumVisualStudioVersion = 10.0.40219.1
Project("{FAE04EC0-301F-11D3-BF4B-00C04F79EFBC}") = "BridgeTorch", "BridgeTorch\BridgeTorch.csproj", "{2BD1BDE9-A753-4268-A589-352A85C91C47}"
EndProject
Global
	GlobalSection(SolutionConfigurationPlatforms) = preSolution
		Debug|Any CPU = Debug|Any CPU
		Release|Any CPU = Release|Any CPU
	EndGlobalSection
	GlobalSection(ProjectConfigurationPlatforms) = postSolution
		{2BD1BDE9-A753-4268-A589-352A85C91C47}.Debug|Any CPU.ActiveCfg = Debug|Any CPU
		{2BD1BDE9-A753-4268-A589-352A85C91C47}.Debug|Any CPU.Build.0 = Debug|Any CPU
		{2BD1BDE9-A753-4268-A589-352A85C91C47}.Release|Any CPU.ActiveCfg = Release|Any CPU
		{2BD1BDE9-A753-4268-A589-352A85C91C47}.Release|Any CPU.Build.0 = Release|Any CPU
	EndGlobalSection
	GlobalSection(SolutionProperties) = preSolution
		HideSolutionNode = FALSE
	EndGlobalSection
	GlobalSection(ExtensibilityGlobals) = postSolution
		SolutionGuid = {37F41F5D-6AE7-4E89-917E-5BE4F72A1C04}
	EndGlobalSection
EndGlobal
